
Microsoft Visual Studio Solution File, Format Version 12.00
# Visual Studio 15
VisualStudioVersion = 15.0.27130.2036
MinimumVisualStudioVersion = 10.0.40219.1
Project("{9A19103F-16F7-4668-BE54-9A1E7A4F7556}") = "ClassifyBot.Base", "ClassifyBot.Base\ClassifyBot.Base.csproj", "{1766BFC4-19B8-456B-BB34-A587981B1C10}"
EndProject
Project("{9A19103F-16F7-4668-BE54-9A1E7A4F7556}") = "ClassifyBot.Cli", "ClassifyBot.Cli\ClassifyBot.Cli.csproj", "{C45B108F-22E3-42A0-812F-2A65C0FBDF66}"
EndProject
Project("{9A19103F-16F7-4668-BE54-9A1E7A4F7556}") = "ClassifyBot.Core", "ClassifyBot.Core\ClassifyBot.Core.csproj", "{3D26782E-329D-4F9B-B9BC-C2E63A27CC12}"
EndProject
Project("{9A19103F-16F7-4668-BE54-9A1E7A4F7556}") = "ClassifyBot.Classifier.StanfordNLP", "ClassifyBot.Classifier.StanfordNLP\ClassifyBot.Classifier.StanfordNLP.csproj", "{909511D0-6396-43A9-8BDD-5751DF93E46E}"
EndProject
Project("{9A19103F-16F7-4668-BE54-9A1E7A4F7556}") = "ClassifyBot.Example.CodeProject", "ClassifyBot.Example.CodeProject\ClassifyBot.Example.CodeProject.csproj", "{D27AD8D8-42FB-410F-A7F8-10E1719AE50E}"
EndProject
Project("{9A19103F-16F7-4668-BE54-9A1E7A4F7556}") = "ClassifyBot.Tests", "ClassifyBot.Tests\ClassifyBot.Tests.csproj", "{ACAA556E-1477-450F-B610-89BB8AB04FC3}"
EndProject
Project("{2150E333-8FDC-42A3-9474-1A3956D46DE8}") = "Solution Items", "Solution Items", "{BB197DB6-C648-44F6-8C4C-A529BE7EF91B}"
	ProjectSection(SolutionItems) = preProject
		build.cmd = build.cmd
		build.sh = build.sh
		clb = clb
		clb.cmd = clb.cmd
	EndProjectSection
EndProject
Project("{9A19103F-16F7-4668-BE54-9A1E7A4F7556}") = "ClassifyBot.Example.TCCC", "ClassifyBot.Example.TCCC\ClassifyBot.Example.TCCC.csproj", "{0BB7748C-886B-4F48-AD53-12F72CB62B6A}"
EndProject
Project("{888888A0-9F3D-457C-B088-3A5042F75D52}") = "TCCC", "TCCC\TCCC.pyproj", "{36725C1A-1F4E-4008-9438-BD6BD8B0EC9C}"
EndProject
Project("{9A19103F-16F7-4668-BE54-9A1E7A4F7556}") = "Python.Runtime.15", "pythonnet\src\runtime\Python.Runtime.15.csproj", "{BB1532D3-75E7-4004-8536-B1999C5DE187}"
EndProject
Global
	GlobalSection(SolutionConfigurationPlatforms) = preSolution
		Debug|x64 = Debug|x64
		DebugLinux|x64 = DebugLinux|x64
		DebugMono|x64 = DebugMono|x64
		DebugMonoPY3|x64 = DebugMonoPY3|x64
		DebugWin|x64 = DebugWin|x64
		DebugWinPY3|x64 = DebugWinPY3|x64
		Nuget|x64 = Nuget|x64
		Release|x64 = Release|x64
		ReleaseMono|x64 = ReleaseMono|x64
		ReleaseMonoPY3|x64 = ReleaseMonoPY3|x64
		ReleaseWin|x64 = ReleaseWin|x64
		ReleaseWinPY3|x64 = ReleaseWinPY3|x64
	EndGlobalSection
	GlobalSection(ProjectConfigurationPlatforms) = postSolution
		{1766BFC4-19B8-456B-BB34-A587981B1C10}.Debug|x64.ActiveCfg = Debug|x64
		{1766BFC4-19B8-456B-BB34-A587981B1C10}.Debug|x64.Build.0 = Debug|x64
		{1766BFC4-19B8-456B-BB34-A587981B1C10}.DebugLinux|x64.ActiveCfg = Debug|x64
		{1766BFC4-19B8-456B-BB34-A587981B1C10}.DebugLinux|x64.Build.0 = Debug|x64
		{1766BFC4-19B8-456B-BB34-A587981B1C10}.DebugMono|x64.ActiveCfg = Debug|x64
		{1766BFC4-19B8-456B-BB34-A587981B1C10}.DebugMono|x64.Build.0 = Debug|x64
		{1766BFC4-19B8-456B-BB34-A587981B1C10}.DebugMonoPY3|x64.ActiveCfg = Debug|x64
		{1766BFC4-19B8-456B-BB34-A587981B1C10}.DebugMonoPY3|x64.Build.0 = Debug|x64
		{1766BFC4-19B8-456B-BB34-A587981B1C10}.DebugWin|x64.ActiveCfg = Debug|x64
		{1766BFC4-19B8-456B-BB34-A587981B1C10}.DebugWin|x64.Build.0 = Debug|x64
		{1766BFC4-19B8-456B-BB34-A587981B1C10}.DebugWinPY3|x64.ActiveCfg = Debug|x64
		{1766BFC4-19B8-456B-BB34-A587981B1C10}.DebugWinPY3|x64.Build.0 = Debug|x64
		{1766BFC4-19B8-456B-BB34-A587981B1C10}.Nuget|x64.ActiveCfg = Release|x64
		{1766BFC4-19B8-456B-BB34-A587981B1C10}.Nuget|x64.Build.0 = Release|x64
		{1766BFC4-19B8-456B-BB34-A587981B1C10}.Release|x64.ActiveCfg = Release|x64
		{1766BFC4-19B8-456B-BB34-A587981B1C10}.Release|x64.Build.0 = Release|x64
		{1766BFC4-19B8-456B-BB34-A587981B1C10}.ReleaseMono|x64.ActiveCfg = Release|x64
		{1766BFC4-19B8-456B-BB34-A587981B1C10}.ReleaseMono|x64.Build.0 = Release|x64
		{1766BFC4-19B8-456B-BB34-A587981B1C10}.ReleaseMonoPY3|x64.ActiveCfg = Release|x64
		{1766BFC4-19B8-456B-BB34-A587981B1C10}.ReleaseMonoPY3|x64.Build.0 = Release|x64
		{1766BFC4-19B8-456B-BB34-A587981B1C10}.ReleaseWin|x64.ActiveCfg = Release|x64
		{1766BFC4-19B8-456B-BB34-A587981B1C10}.ReleaseWin|x64.Build.0 = Release|x64
		{1766BFC4-19B8-456B-BB34-A587981B1C10}.ReleaseWinPY3|x64.ActiveCfg = Release|x64
		{1766BFC4-19B8-456B-BB34-A587981B1C10}.ReleaseWinPY3|x64.Build.0 = Release|x64
		{C45B108F-22E3-42A0-812F-2A65C0FBDF66}.Debug|x64.ActiveCfg = Debug|x64
		{C45B108F-22E3-42A0-812F-2A65C0FBDF66}.Debug|x64.Build.0 = Debug|x64
		{C45B108F-22E3-42A0-812F-2A65C0FBDF66}.DebugLinux|x64.ActiveCfg = Debug|x64
		{C45B108F-22E3-42A0-812F-2A65C0FBDF66}.DebugLinux|x64.Build.0 = Debug|x64
		{C45B108F-22E3-42A0-812F-2A65C0FBDF66}.DebugMono|x64.ActiveCfg = Debug|x64
		{C45B108F-22E3-42A0-812F-2A65C0FBDF66}.DebugMono|x64.Build.0 = Debug|x64
		{C45B108F-22E3-42A0-812F-2A65C0FBDF66}.DebugMonoPY3|x64.ActiveCfg = Debug|x64
		{C45B108F-22E3-42A0-812F-2A65C0FBDF66}.DebugMonoPY3|x64.Build.0 = Debug|x64
		{C45B108F-22E3-42A0-812F-2A65C0FBDF66}.DebugWin|x64.ActiveCfg = Debug|x64
		{C45B108F-22E3-42A0-812F-2A65C0FBDF66}.DebugWin|x64.Build.0 = Debug|x64
		{C45B108F-22E3-42A0-812F-2A65C0FBDF66}.DebugWinPY3|x64.ActiveCfg = Debug|x64
		{C45B108F-22E3-42A0-812F-2A65C0FBDF66}.DebugWinPY3|x64.Build.0 = Debug|x64
		{C45B108F-22E3-42A0-812F-2A65C0FBDF66}.Nuget|x64.ActiveCfg = Release|x64
		{C45B108F-22E3-42A0-812F-2A65C0FBDF66}.Nuget|x64.Build.0 = Release|x64
		{C45B108F-22E3-42A0-812F-2A65C0FBDF66}.Release|x64.ActiveCfg = Release|x64
		{C45B108F-22E3-42A0-812F-2A65C0FBDF66}.Release|x64.Build.0 = Release|x64
		{C45B108F-22E3-42A0-812F-2A65C0FBDF66}.ReleaseMono|x64.ActiveCfg = Release|x64
		{C45B108F-22E3-42A0-812F-2A65C0FBDF66}.ReleaseMono|x64.Build.0 = Release|x64
		{C45B108F-22E3-42A0-812F-2A65C0FBDF66}.ReleaseMonoPY3|x64.ActiveCfg = Release|x64
		{C45B108F-22E3-42A0-812F-2A65C0FBDF66}.ReleaseMonoPY3|x64.Build.0 = Release|x64
		{C45B108F-22E3-42A0-812F-2A65C0FBDF66}.ReleaseWin|x64.ActiveCfg = Release|x64
		{C45B108F-22E3-42A0-812F-2A65C0FBDF66}.ReleaseWin|x64.Build.0 = Release|x64
		{C45B108F-22E3-42A0-812F-2A65C0FBDF66}.ReleaseWinPY3|x64.ActiveCfg = Release|x64
		{C45B108F-22E3-42A0-812F-2A65C0FBDF66}.ReleaseWinPY3|x64.Build.0 = Release|x64
		{3D26782E-329D-4F9B-B9BC-C2E63A27CC12}.Debug|x64.ActiveCfg = Debug|x64
		{3D26782E-329D-4F9B-B9BC-C2E63A27CC12}.Debug|x64.Build.0 = Debug|x64
		{3D26782E-329D-4F9B-B9BC-C2E63A27CC12}.DebugLinux|x64.ActiveCfg = Debug|x64
		{3D26782E-329D-4F9B-B9BC-C2E63A27CC12}.DebugLinux|x64.Build.0 = Debug|x64
		{3D26782E-329D-4F9B-B9BC-C2E63A27CC12}.DebugMono|x64.ActiveCfg = Debug|x64
		{3D26782E-329D-4F9B-B9BC-C2E63A27CC12}.DebugMono|x64.Build.0 = Debug|x64
		{3D26782E-329D-4F9B-B9BC-C2E63A27CC12}.DebugMonoPY3|x64.ActiveCfg = Debug|x64
		{3D26782E-329D-4F9B-B9BC-C2E63A27CC12}.DebugMonoPY3|x64.Build.0 = Debug|x64
		{3D26782E-329D-4F9B-B9BC-C2E63A27CC12}.DebugWin|x64.ActiveCfg = Debug|x64
		{3D26782E-329D-4F9B-B9BC-C2E63A27CC12}.DebugWin|x64.Build.0 = Debug|x64
		{3D26782E-329D-4F9B-B9BC-C2E63A27CC12}.DebugWinPY3|x64.ActiveCfg = Debug|x64
		{3D26782E-329D-4F9B-B9BC-C2E63A27CC12}.DebugWinPY3|x64.Build.0 = Debug|x64
		{3D26782E-329D-4F9B-B9BC-C2E63A27CC12}.Nuget|x64.ActiveCfg = Release|x64
		{3D26782E-329D-4F9B-B9BC-C2E63A27CC12}.Nuget|x64.Build.0 = Release|x64
		{3D26782E-329D-4F9B-B9BC-C2E63A27CC12}.Release|x64.ActiveCfg = Release|x64
		{3D26782E-329D-4F9B-B9BC-C2E63A27CC12}.Release|x64.Build.0 = Release|x64
		{3D26782E-329D-4F9B-B9BC-C2E63A27CC12}.ReleaseMono|x64.ActiveCfg = Release|x64
		{3D26782E-329D-4F9B-B9BC-C2E63A27CC12}.ReleaseMono|x64.Build.0 = Release|x64
		{3D26782E-329D-4F9B-B9BC-C2E63A27CC12}.ReleaseMonoPY3|x64.ActiveCfg = Release|x64
		{3D26782E-329D-4F9B-B9BC-C2E63A27CC12}.ReleaseMonoPY3|x64.Build.0 = Release|x64
		{3D26782E-329D-4F9B-B9BC-C2E63A27CC12}.ReleaseWin|x64.ActiveCfg = Release|x64
		{3D26782E-329D-4F9B-B9BC-C2E63A27CC12}.ReleaseWin|x64.Build.0 = Release|x64
		{3D26782E-329D-4F9B-B9BC-C2E63A27CC12}.ReleaseWinPY3|x64.ActiveCfg = Release|x64
		{3D26782E-329D-4F9B-B9BC-C2E63A27CC12}.ReleaseWinPY3|x64.Build.0 = Release|x64
		{909511D0-6396-43A9-8BDD-5751DF93E46E}.Debug|x64.ActiveCfg = Debug|x64
		{909511D0-6396-43A9-8BDD-5751DF93E46E}.Debug|x64.Build.0 = Debug|x64
		{909511D0-6396-43A9-8BDD-5751DF93E46E}.DebugLinux|x64.ActiveCfg = Debug|x64
		{909511D0-6396-43A9-8BDD-5751DF93E46E}.DebugLinux|x64.Build.0 = Debug|x64
		{909511D0-6396-43A9-8BDD-5751DF93E46E}.DebugMono|x64.ActiveCfg = Debug|x64
		{909511D0-6396-43A9-8BDD-5751DF93E46E}.DebugMono|x64.Build.0 = Debug|x64
		{909511D0-6396-43A9-8BDD-5751DF93E46E}.DebugMonoPY3|x64.ActiveCfg = Debug|x64
		{909511D0-6396-43A9-8BDD-5751DF93E46E}.DebugMonoPY3|x64.Build.0 = Debug|x64
		{909511D0-6396-43A9-8BDD-5751DF93E46E}.DebugWin|x64.ActiveCfg = Debug|x64
		{909511D0-6396-43A9-8BDD-5751DF93E46E}.DebugWin|x64.Build.0 = Debug|x64
		{909511D0-6396-43A9-8BDD-5751DF93E46E}.DebugWinPY3|x64.ActiveCfg = Debug|x64
		{909511D0-6396-43A9-8BDD-5751DF93E46E}.DebugWinPY3|x64.Build.0 = Debug|x64
		{909511D0-6396-43A9-8BDD-5751DF93E46E}.Nuget|x64.ActiveCfg = Release|x64
		{909511D0-6396-43A9-8BDD-5751DF93E46E}.Nuget|x64.Build.0 = Release|x64
		{909511D0-6396-43A9-8BDD-5751DF93E46E}.Release|x64.ActiveCfg = Release|x64
		{909511D0-6396-43A9-8BDD-5751DF93E46E}.Release|x64.Build.0 = Release|x64
		{909511D0-6396-43A9-8BDD-5751DF93E46E}.ReleaseMono|x64.ActiveCfg = Release|x64
		{909511D0-6396-43A9-8BDD-5751DF93E46E}.ReleaseMono|x64.Build.0 = Release|x64
		{909511D0-6396-43A9-8BDD-5751DF93E46E}.ReleaseMonoPY3|x64.ActiveCfg = Release|x64
		{909511D0-6396-43A9-8BDD-5751DF93E46E}.ReleaseMonoPY3|x64.Build.0 = Release|x64
		{909511D0-6396-43A9-8BDD-5751DF93E46E}.ReleaseWin|x64.ActiveCfg = Release|x64
		{909511D0-6396-43A9-8BDD-5751DF93E46E}.ReleaseWin|x64.Build.0 = Release|x64
		{909511D0-6396-43A9-8BDD-5751DF93E46E}.ReleaseWinPY3|x64.ActiveCfg = Release|x64
		{909511D0-6396-43A9-8BDD-5751DF93E46E}.ReleaseWinPY3|x64.Build.0 = Release|x64
		{D27AD8D8-42FB-410F-A7F8-10E1719AE50E}.Debug|x64.ActiveCfg = Debug|x64
		{D27AD8D8-42FB-410F-A7F8-10E1719AE50E}.Debug|x64.Build.0 = Debug|x64
		{D27AD8D8-42FB-410F-A7F8-10E1719AE50E}.DebugLinux|x64.ActiveCfg = Debug|x64
		{D27AD8D8-42FB-410F-A7F8-10E1719AE50E}.DebugLinux|x64.Build.0 = Debug|x64
		{D27AD8D8-42FB-410F-A7F8-10E1719AE50E}.DebugMono|x64.ActiveCfg = Debug|x64
		{D27AD8D8-42FB-410F-A7F8-10E1719AE50E}.DebugMono|x64.Build.0 = Debug|x64
		{D27AD8D8-42FB-410F-A7F8-10E1719AE50E}.DebugMonoPY3|x64.ActiveCfg = Debug|x64
		{D27AD8D8-42FB-410F-A7F8-10E1719AE50E}.DebugMonoPY3|x64.Build.0 = Debug|x64
		{D27AD8D8-42FB-410F-A7F8-10E1719AE50E}.DebugWin|x64.ActiveCfg = Debug|x64
		{D27AD8D8-42FB-410F-A7F8-10E1719AE50E}.DebugWin|x64.Build.0 = Debug|x64
		{D27AD8D8-42FB-410F-A7F8-10E1719AE50E}.DebugWinPY3|x64.ActiveCfg = Debug|x64
		{D27AD8D8-42FB-410F-A7F8-10E1719AE50E}.DebugWinPY3|x64.Build.0 = Debug|x64
		{D27AD8D8-42FB-410F-A7F8-10E1719AE50E}.Nuget|x64.ActiveCfg = Release|x64
		{D27AD8D8-42FB-410F-A7F8-10E1719AE50E}.Nuget|x64.Build.0 = Release|x64
		{D27AD8D8-42FB-410F-A7F8-10E1719AE50E}.Release|x64.ActiveCfg = Release|x64
		{D27AD8D8-42FB-410F-A7F8-10E1719AE50E}.Release|x64.Build.0 = Release|x64
		{D27AD8D8-42FB-410F-A7F8-10E1719AE50E}.ReleaseMono|x64.ActiveCfg = Release|x64
		{D27AD8D8-42FB-410F-A7F8-10E1719AE50E}.ReleaseMono|x64.Build.0 = Release|x64
		{D27AD8D8-42FB-410F-A7F8-10E1719AE50E}.ReleaseMonoPY3|x64.ActiveCfg = Release|x64
		{D27AD8D8-42FB-410F-A7F8-10E1719AE50E}.ReleaseMonoPY3|x64.Build.0 = Release|x64
		{D27AD8D8-42FB-410F-A7F8-10E1719AE50E}.ReleaseWin|x64.ActiveCfg = Release|x64
		{D27AD8D8-42FB-410F-A7F8-10E1719AE50E}.ReleaseWin|x64.Build.0 = Release|x64
		{D27AD8D8-42FB-410F-A7F8-10E1719AE50E}.ReleaseWinPY3|x64.ActiveCfg = Release|x64
		{D27AD8D8-42FB-410F-A7F8-10E1719AE50E}.ReleaseWinPY3|x64.Build.0 = Release|x64
		{ACAA556E-1477-450F-B610-89BB8AB04FC3}.Debug|x64.ActiveCfg = Debug|x64
		{ACAA556E-1477-450F-B610-89BB8AB04FC3}.Debug|x64.Build.0 = Debug|x64
		{ACAA556E-1477-450F-B610-89BB8AB04FC3}.DebugLinux|x64.ActiveCfg = Debug|x64
		{ACAA556E-1477-450F-B610-89BB8AB04FC3}.DebugLinux|x64.Build.0 = Debug|x64
		{ACAA556E-1477-450F-B610-89BB8AB04FC3}.DebugMono|x64.ActiveCfg = Debug|x64
		{ACAA556E-1477-450F-B610-89BB8AB04FC3}.DebugMono|x64.Build.0 = Debug|x64
		{ACAA556E-1477-450F-B610-89BB8AB04FC3}.DebugMonoPY3|x64.ActiveCfg = Debug|x64
		{ACAA556E-1477-450F-B610-89BB8AB04FC3}.DebugMonoPY3|x64.Build.0 = Debug|x64
		{ACAA556E-1477-450F-B610-89BB8AB04FC3}.DebugWin|x64.ActiveCfg = Debug|x64
		{ACAA556E-1477-450F-B610-89BB8AB04FC3}.DebugWin|x64.Build.0 = Debug|x64
		{ACAA556E-1477-450F-B610-89BB8AB04FC3}.DebugWinPY3|x64.ActiveCfg = Debug|x64
		{ACAA556E-1477-450F-B610-89BB8AB04FC3}.DebugWinPY3|x64.Build.0 = Debug|x64
		{ACAA556E-1477-450F-B610-89BB8AB04FC3}.Nuget|x64.ActiveCfg = Release|x64
		{ACAA556E-1477-450F-B610-89BB8AB04FC3}.Nuget|x64.Build.0 = Release|x64
		{ACAA556E-1477-450F-B610-89BB8AB04FC3}.Release|x64.ActiveCfg = Release|x64
		{ACAA556E-1477-450F-B610-89BB8AB04FC3}.Release|x64.Build.0 = Release|x64
		{ACAA556E-1477-450F-B610-89BB8AB04FC3}.ReleaseMono|x64.ActiveCfg = Release|x64
		{ACAA556E-1477-450F-B610-89BB8AB04FC3}.ReleaseMono|x64.Build.0 = Release|x64
		{ACAA556E-1477-450F-B610-89BB8AB04FC3}.ReleaseMonoPY3|x64.ActiveCfg = Release|x64
		{ACAA556E-1477-450F-B610-89BB8AB04FC3}.ReleaseMonoPY3|x64.Build.0 = Release|x64
		{ACAA556E-1477-450F-B610-89BB8AB04FC3}.ReleaseWin|x64.ActiveCfg = Release|x64
		{ACAA556E-1477-450F-B610-89BB8AB04FC3}.ReleaseWin|x64.Build.0 = Release|x64
		{ACAA556E-1477-450F-B610-89BB8AB04FC3}.ReleaseWinPY3|x64.ActiveCfg = Release|x64
		{ACAA556E-1477-450F-B610-89BB8AB04FC3}.ReleaseWinPY3|x64.Build.0 = Release|x64
		{0BB7748C-886B-4F48-AD53-12F72CB62B6A}.Debug|x64.ActiveCfg = Debug|x64
		{0BB7748C-886B-4F48-AD53-12F72CB62B6A}.Debug|x64.Build.0 = Debug|x64
		{0BB7748C-886B-4F48-AD53-12F72CB62B6A}.DebugLinux|x64.ActiveCfg = Debug|x64
		{0BB7748C-886B-4F48-AD53-12F72CB62B6A}.DebugLinux|x64.Build.0 = Debug|x64
		{0BB7748C-886B-4F48-AD53-12F72CB62B6A}.DebugMono|x64.ActiveCfg = Debug|x64
		{0BB7748C-886B-4F48-AD53-12F72CB62B6A}.DebugMono|x64.Build.0 = Debug|x64
		{0BB7748C-886B-4F48-AD53-12F72CB62B6A}.DebugMonoPY3|x64.ActiveCfg = Debug|x64
		{0BB7748C-886B-4F48-AD53-12F72CB62B6A}.DebugMonoPY3|x64.Build.0 = Debug|x64
		{0BB7748C-886B-4F48-AD53-12F72CB62B6A}.DebugWin|x64.ActiveCfg = Debug|x64
		{0BB7748C-886B-4F48-AD53-12F72CB62B6A}.DebugWin|x64.Build.0 = Debug|x64
		{0BB7748C-886B-4F48-AD53-12F72CB62B6A}.DebugWinPY3|x64.ActiveCfg = Debug|x64
		{0BB7748C-886B-4F48-AD53-12F72CB62B6A}.DebugWinPY3|x64.Build.0 = Debug|x64
		{0BB7748C-886B-4F48-AD53-12F72CB62B6A}.Nuget|x64.ActiveCfg = Release|x64
		{0BB7748C-886B-4F48-AD53-12F72CB62B6A}.Nuget|x64.Build.0 = Release|x64
		{0BB7748C-886B-4F48-AD53-12F72CB62B6A}.Release|x64.ActiveCfg = Release|x64
		{0BB7748C-886B-4F48-AD53-12F72CB62B6A}.Release|x64.Build.0 = Release|x64
		{0BB7748C-886B-4F48-AD53-12F72CB62B6A}.ReleaseMono|x64.ActiveCfg = Release|x64
		{0BB7748C-886B-4F48-AD53-12F72CB62B6A}.ReleaseMono|x64.Build.0 = Release|x64
		{0BB7748C-886B-4F48-AD53-12F72CB62B6A}.ReleaseMonoPY3|x64.ActiveCfg = Release|x64
		{0BB7748C-886B-4F48-AD53-12F72CB62B6A}.ReleaseMonoPY3|x64.Build.0 = Release|x64
		{0BB7748C-886B-4F48-AD53-12F72CB62B6A}.ReleaseWin|x64.ActiveCfg = Release|x64
		{0BB7748C-886B-4F48-AD53-12F72CB62B6A}.ReleaseWin|x64.Build.0 = Release|x64
		{0BB7748C-886B-4F48-AD53-12F72CB62B6A}.ReleaseWinPY3|x64.ActiveCfg = Release|x64
		{0BB7748C-886B-4F48-AD53-12F72CB62B6A}.ReleaseWinPY3|x64.Build.0 = Release|x64
		{36725C1A-1F4E-4008-9438-BD6BD8B0EC9C}.Debug|x64.ActiveCfg = Debug|Any CPU
		{36725C1A-1F4E-4008-9438-BD6BD8B0EC9C}.DebugLinux|x64.ActiveCfg = Debug|Any CPU
		{36725C1A-1F4E-4008-9438-BD6BD8B0EC9C}.DebugMono|x64.ActiveCfg = Debug|Any CPU
		{36725C1A-1F4E-4008-9438-BD6BD8B0EC9C}.DebugMonoPY3|x64.ActiveCfg = Debug|Any CPU
		{36725C1A-1F4E-4008-9438-BD6BD8B0EC9C}.DebugWin|x64.ActiveCfg = Debug|Any CPU
		{36725C1A-1F4E-4008-9438-BD6BD8B0EC9C}.DebugWinPY3|x64.ActiveCfg = Debug|Any CPU
		{36725C1A-1F4E-4008-9438-BD6BD8B0EC9C}.Nuget|x64.ActiveCfg = Release|Any CPU
		{36725C1A-1F4E-4008-9438-BD6BD8B0EC9C}.Release|x64.ActiveCfg = Release|Any CPU
		{36725C1A-1F4E-4008-9438-BD6BD8B0EC9C}.ReleaseMono|x64.ActiveCfg = Release|Any CPU
		{36725C1A-1F4E-4008-9438-BD6BD8B0EC9C}.ReleaseMonoPY3|x64.ActiveCfg = Release|Any CPU
		{36725C1A-1F4E-4008-9438-BD6BD8B0EC9C}.ReleaseWin|x64.ActiveCfg = Release|Any CPU
		{36725C1A-1F4E-4008-9438-BD6BD8B0EC9C}.ReleaseWinPY3|x64.ActiveCfg = Release|Any CPU
		{BB1532D3-75E7-4004-8536-B1999C5DE187}.Debug|x64.ActiveCfg = ReleaseWinPY3|Any CPU
		{BB1532D3-75E7-4004-8536-B1999C5DE187}.Debug|x64.Build.0 = ReleaseWinPY3|Any CPU
		{BB1532D3-75E7-4004-8536-B1999C5DE187}.DebugLinux|x64.ActiveCfg = ReleaseMonoPY3|Any CPU
		{BB1532D3-75E7-4004-8536-B1999C5DE187}.DebugLinux|x64.Build.0 = ReleaseMonoPY3|Any CPU
		{BB1532D3-75E7-4004-8536-B1999C5DE187}.DebugMono|x64.ActiveCfg = DebugMono|Any CPU
		{BB1532D3-75E7-4004-8536-B1999C5DE187}.DebugMono|x64.Build.0 = DebugMono|Any CPU
		{BB1532D3-75E7-4004-8536-B1999C5DE187}.DebugMonoPY3|x64.ActiveCfg = DebugMonoPY3|Any CPU
		{BB1532D3-75E7-4004-8536-B1999C5DE187}.DebugMonoPY3|x64.Build.0 = DebugMonoPY3|Any CPU
		{BB1532D3-75E7-4004-8536-B1999C5DE187}.DebugWin|x64.ActiveCfg = DebugWin|Any CPU
		{BB1532D3-75E7-4004-8536-B1999C5DE187}.DebugWin|x64.Build.0 = DebugWin|Any CPU
		{BB1532D3-75E7-4004-8536-B1999C5DE187}.DebugWinPY3|x64.ActiveCfg = DebugWinPY3|Any CPU
		{BB1532D3-75E7-4004-8536-B1999C5DE187}.DebugWinPY3|x64.Build.0 = DebugWinPY3|Any CPU
		{BB1532D3-75E7-4004-8536-B1999C5DE187}.Nuget|x64.ActiveCfg = ReleaseWinPY3|Any CPU
		{BB1532D3-75E7-4004-8536-B1999C5DE187}.Nuget|x64.Build.0 = ReleaseWinPY3|Any CPU
		{BB1532D3-75E7-4004-8536-B1999C5DE187}.Release|x64.ActiveCfg = ReleaseWinPY3|Any CPU
		{BB1532D3-75E7-4004-8536-B1999C5DE187}.Release|x64.Build.0 = ReleaseWinPY3|Any CPU
		{BB1532D3-75E7-4004-8536-B1999C5DE187}.ReleaseMono|x64.ActiveCfg = ReleaseMono|Any CPU
		{BB1532D3-75E7-4004-8536-B1999C5DE187}.ReleaseMono|x64.Build.0 = ReleaseMono|Any CPU
		{BB1532D3-75E7-4004-8536-B1999C5DE187}.ReleaseMonoPY3|x64.ActiveCfg = ReleaseMonoPY3|Any CPU
		{BB1532D3-75E7-4004-8536-B1999C5DE187}.ReleaseMonoPY3|x64.Build.0 = ReleaseMonoPY3|Any CPU
		{BB1532D3-75E7-4004-8536-B1999C5DE187}.ReleaseWin|x64.ActiveCfg = ReleaseWin|Any CPU
		{BB1532D3-75E7-4004-8536-B1999C5DE187}.ReleaseWin|x64.Build.0 = ReleaseWin|Any CPU
		{BB1532D3-75E7-4004-8536-B1999C5DE187}.ReleaseWinPY3|x64.ActiveCfg = ReleaseWinPY3|Any CPU
		{BB1532D3-75E7-4004-8536-B1999C5DE187}.ReleaseWinPY3|x64.Build.0 = ReleaseWinPY3|Any CPU
	EndGlobalSection
	GlobalSection(SolutionProperties) = preSolution
		HideSolutionNode = FALSE
	EndGlobalSection
	GlobalSection(ExtensibilityGlobals) = postSolution
		SolutionGuid = {F5E1AB73-EB3D-4F2F-9CC6-B961BBAF5A52}
	EndGlobalSection
EndGlobal
